
Microsoft Visual Studio Solution File, Format Version 12.00
# Visual Studio Version 17
VisualStudioVersion = 17.10.34916.146
MinimumVisualStudioVersion = 10.0.40219.1
Project("{FAE04EC0-301F-11D3-BF4B-00C04F79EFBC}") = "Core", "Core\Core.csproj", "{C739401F-131D-4675-93D1-847EF48F5BD9}"
EndProject
Project("{FAE04EC0-301F-11D3-BF4B-00C04F79EFBC}") = "Player", "Player\Player.csproj", "{EE44D7DB-E8AF-4427-9E8C-51FB205FE518}"
	ProjectSection(ProjectDependencies) = postProject
		{C739401F-131D-4675-93D1-847EF48F5BD9} = {C739401F-131D-4675-93D1-847EF48F5BD9}
	EndProjectSection
EndProject
Project("{FAE04EC0-301F-11D3-BF4B-00C04F79EFBC}") = "SharedLibrary", "SharedLibrary\SharedLibrary.csproj", "{2023B039-DC96-4008-8595-458484B58FE4}"
EndProject
Project("{FAE04EC0-301F-11D3-BF4B-00C04F79EFBC}") = "Machine", "Machine\Machine.csproj", "{002CDDC9-896F-4F05-AEED-D736D5C72F51}"
	ProjectSection(ProjectDependencies) = postProject
		{C739401F-131D-4675-93D1-847EF48F5BD9} = {C739401F-131D-4675-93D1-847EF48F5BD9}
	EndProjectSection
EndProject
Global
	GlobalSection(SolutionConfigurationPlatforms) = preSolution
		Debug|Any CPU = Debug|Any CPU
		Release|Any CPU = Release|Any CPU
	EndGlobalSection
	GlobalSection(ProjectConfigurationPlatforms) = postSolution
		{C739401F-131D-4675-93D1-847EF48F5BD9}.Debug|Any CPU.ActiveCfg = Debug|Any CPU
		{C739401F-131D-4675-93D1-847EF48F5BD9}.Debug|Any CPU.Build.0 = Debug|Any CPU
		{C739401F-131D-4675-93D1-847EF48F5BD9}.Release|Any CPU.ActiveCfg = Release|Any CPU
		{C739401F-131D-4675-93D1-847EF48F5BD9}.Release|Any CPU.Build.0 = Release|Any CPU
		{EE44D7DB-E8AF-4427-9E8C-51FB205FE518}.Debug|Any CPU.ActiveCfg = Debug|Any CPU
		{EE44D7DB-E8AF-4427-9E8C-51FB205FE518}.Debug|Any CPU.Build.0 = Debug|Any CPU
		{EE44D7DB-E8AF-4427-9E8C-51FB205FE518}.Release|Any CPU.ActiveCfg = Release|Any CPU
		{EE44D7DB-E8AF-4427-9E8C-51FB205FE518}.Release|Any CPU.Build.0 = Release|Any CPU
		{2023B039-DC96-4008-8595-458484B58FE4}.Debug|Any CPU.ActiveCfg = Debug|Any CPU
		{2023B039-DC96-4008-8595-458484B58FE4}.Debug|Any CPU.Build.0 = Debug|Any CPU
		{2023B039-DC96-4008-8595-458484B58FE4}.Release|Any CPU.ActiveCfg = Release|Any CPU
		{2023B039-DC96-4008-8595-458484B58FE4}.Release|Any CPU.Build.0 = Release|Any CPU
		{002CDDC9-896F-4F05-AEED-D736D5C72F51}.Debug|Any CPU.ActiveCfg = Debug|Any CPU
		{002CDDC9-896F-4F05-AEED-D736D5C72F51}.Debug|Any CPU.Build.0 = Debug|Any CPU
		{002CDDC9-896F-4F05-AEED-D736D5C72F51}.Release|Any CPU.ActiveCfg = Release|Any CPU
		{002CDDC9-896F-4F05-AEED-D736D5C72F51}.Release|Any CPU.Build.0 = Release|Any CPU
	EndGlobalSection
	GlobalSection(SolutionProperties) = preSolution
		HideSolutionNode = FALSE
	EndGlobalSection
	GlobalSection(ExtensibilityGlobals) = postSolution
		SolutionGuid = {AC48F9D1-8952-435A-A087-18EC0C218093}
	EndGlobalSection
EndGlobal
